# This file was autogenerated by Stack.
# You should not edit this file by hand.
# For more information, please see the documentation at:
#   https://docs.haskellstack.org/en/stable/lock_files

packages:
- completed:
    hackage: servant-js-0.9.4.2@sha256:8376ab122b48427f190e9289e659a68dc382f1739ac610514f524a2c22386a52,3531
    pantry-tree:
      size: 961
      sha256: c28356e34444a1ce680b3f7e935d59348ab79dc25db7dbea8db3330d7c52c4e8
  original:
    hackage: servant-js-0.9.4.2
snapshots:
- completed:
    size: 586296
    url: https://raw.githubusercontent.com/commercialhaskell/stackage-snapshots/master/lts/18/18.yaml
    sha256: 63539429076b7ebbab6daa7656cfb079393bf644971156dc349d7c0453694ac2
  original:
    url: https://raw.githubusercontent.com/commercialhaskell/stackage-snapshots/master/lts/18/18.yaml
